
Microsoft Visual Studio Solution File, Format Version 12.00
# Visual Studio Version 17
VisualStudioVersion = 17.0.31717.71
MinimumVisualStudioVersion = 10.0.40219.1
Project("{2150E333-8FDC-42A3-9474-1A3956D46DE8}") = "1-Enterprise Business", "1-Enterprise Business", "{CCE4E443-5246-4BC0-858F-111952E503BC}"
EndProject
Project("{2150E333-8FDC-42A3-9474-1A3956D46DE8}") = "2-Application Business", "2-Application Business", "{6977C6C7-D1DA-4D94-8562-F79B32DD9D91}"
EndProject
Project("{2150E333-8FDC-42A3-9474-1A3956D46DE8}") = "3-Interface Adapters", "3-Interface Adapters", "{EBEAC8D2-BA86-4316-B6A3-1B219308C87D}"
EndProject
Project("{2150E333-8FDC-42A3-9474-1A3956D46DE8}") = "4-Frameworks And Drivers", "4-Frameworks And Drivers", "{972233CE-61F9-45DA-8344-A8A10173317A}"
EndProject
Project("{2150E333-8FDC-42A3-9474-1A3956D46DE8}") = "UI", "UI", "{495EB534-630D-4816-8782-505F23A04189}"
EndProject
Project("{2150E333-8FDC-42A3-9474-1A3956D46DE8}") = "Controllers", "Controllers", "{E9E6A652-392A-4FC3-BE2B-04810E46514C}"
EndProject
Project("{2150E333-8FDC-42A3-9474-1A3956D46DE8}") = "Gateways", "Gateways", "{40E14737-163F-4055-883E-1A3F8FD543C5}"
EndProject
Project("{2150E333-8FDC-42A3-9474-1A3956D46DE8}") = "Presenters", "Presenters", "{E6DFD836-09AB-4422-B29E-C69E80CCFAD8}"
EndProject
Project("{9A19103F-16F7-4668-BE54-9A1E7A4F7556}") = "Hatogan.FD.UI.WebAPI", "Hatogan.FD.UI.WebAPI\Hatogan.FD.UI.WebAPI.csproj", "{80BF44DB-0FFE-4802-AAB2-F864281C9B8B}"
EndProject
Project("{9A19103F-16F7-4668-BE54-9A1E7A4F7556}") = "Hatogan.EB.Domain", "Hatogan.EB.Domain\Hatogan.EB.Domain.csproj", "{EE62DE16-0877-45DE-BA39-3EEF7BEF8380}"
EndProject
Project("{9A19103F-16F7-4668-BE54-9A1E7A4F7556}") = "Hatogan.EB.Abstractions", "Hatogan.EB.Abtractions\Hatogan.EB.Abstractions.csproj", "{52AE700F-1662-4A2F-B8A2-26FCBB272F55}"
EndProject
Project("{9A19103F-16F7-4668-BE54-9A1E7A4F7556}") = "Hatogan.AB.UseCases", "Hatogan.AB.UseCases\Hatogan.AB.UseCases.csproj", "{678301F3-E0A7-4C47-8093-DD45713A682C}"
EndProject
Project("{9A19103F-16F7-4668-BE54-9A1E7A4F7556}") = "Hatogan.IA.Controllers", "Hatogan.IA.Controllers\Hatogan.IA.Controllers.csproj", "{89B948DE-F6C6-4867-AAB2-AE22601CF383}"
EndProject
Project("{9A19103F-16F7-4668-BE54-9A1E7A4F7556}") = "Hatogan.IA.Gateways.EFCore", "Hatogan.IA.Gateways.EFCore\Hatogan.IA.Gateways.EFCore.csproj", "{1787D4ED-8FED-4E4B-8626-00FCB237B072}"
EndProject
Project("{9A19103F-16F7-4668-BE54-9A1E7A4F7556}") = "Hatogan.IA.Presenters", "Hatogan.IA.Presenters\Hatogan.IA.Presenters.csproj", "{04CE7592-5115-48E2-8DF7-B760036DF8AA}"
EndProject
Project("{9A19103F-16F7-4668-BE54-9A1E7A4F7556}") = "Hatogan.AB.UseCases.DTOs", "Hatogan.AB.UseCases.DTOs\Hatogan.AB.UseCases.DTOs.csproj", "{D0C4415B-9DDD-44B5-A19E-B3814B532C5C}"
EndProject
Project("{9A19103F-16F7-4668-BE54-9A1E7A4F7556}") = "Hatogan.AB.UseCases.Ports", "Hatogan.AB.UseCases.Ports\Hatogan.AB.UseCases.Ports.csproj", "{7ECC5382-BFF7-41C8-8489-7B527E7E2C1C}"
EndProject
Project("{9A19103F-16F7-4668-BE54-9A1E7A4F7556}") = "Hatogan.IA.IoC", "Hatogan.IA.IoC\Hatogan.IA.IoC.csproj", "{F4DBA00A-E2E1-4886-8209-1760B1F62331}"
EndProject
Project("{FAE04EC0-301F-11D3-BF4B-00C04F79EFBC}") = "Hatogan.IA.Gateways.Dapper", "Hatogan.IA.Gateways.Dapper\Hatogan.IA.Gateways.Dapper.csproj", "{10A763F9-E980-42B2-B5AC-7FF941B38DDF}"
EndProject
Global
	GlobalSection(SolutionConfigurationPlatforms) = preSolution
		Debug|Any CPU = Debug|Any CPU
		Release|Any CPU = Release|Any CPU
	EndGlobalSection
	GlobalSection(ProjectConfigurationPlatforms) = postSolution
		{80BF44DB-0FFE-4802-AAB2-F864281C9B8B}.Debug|Any CPU.ActiveCfg = Debug|Any CPU
		{80BF44DB-0FFE-4802-AAB2-F864281C9B8B}.Debug|Any CPU.Build.0 = Debug|Any CPU
		{80BF44DB-0FFE-4802-AAB2-F864281C9B8B}.Release|Any CPU.ActiveCfg = Release|Any CPU
		{80BF44DB-0FFE-4802-AAB2-F864281C9B8B}.Release|Any CPU.Build.0 = Release|Any CPU
		{EE62DE16-0877-45DE-BA39-3EEF7BEF8380}.Debug|Any CPU.ActiveCfg = Debug|Any CPU
		{EE62DE16-0877-45DE-BA39-3EEF7BEF8380}.Debug|Any CPU.Build.0 = Debug|Any CPU
		{EE62DE16-0877-45DE-BA39-3EEF7BEF8380}.Release|Any CPU.ActiveCfg = Release|Any CPU
		{EE62DE16-0877-45DE-BA39-3EEF7BEF8380}.Release|Any CPU.Build.0 = Release|Any CPU
		{52AE700F-1662-4A2F-B8A2-26FCBB272F55}.Debug|Any CPU.ActiveCfg = Debug|Any CPU
		{52AE700F-1662-4A2F-B8A2-26FCBB272F55}.Debug|Any CPU.Build.0 = Debug|Any CPU
		{52AE700F-1662-4A2F-B8A2-26FCBB272F55}.Release|Any CPU.ActiveCfg = Release|Any CPU
		{52AE700F-1662-4A2F-B8A2-26FCBB272F55}.Release|Any CPU.Build.0 = Release|Any CPU
		{678301F3-E0A7-4C47-8093-DD45713A682C}.Debug|Any CPU.ActiveCfg = Debug|Any CPU
		{678301F3-E0A7-4C47-8093-DD45713A682C}.Debug|Any CPU.Build.0 = Debug|Any CPU
		{678301F3-E0A7-4C47-8093-DD45713A682C}.Release|Any CPU.ActiveCfg = Release|Any CPU
		{678301F3-E0A7-4C47-8093-DD45713A682C}.Release|Any CPU.Build.0 = Release|Any CPU
		{89B948DE-F6C6-4867-AAB2-AE22601CF383}.Debug|Any CPU.ActiveCfg = Debug|Any CPU
		{89B948DE-F6C6-4867-AAB2-AE22601CF383}.Debug|Any CPU.Build.0 = Debug|Any CPU
		{89B948DE-F6C6-4867-AAB2-AE22601CF383}.Release|Any CPU.ActiveCfg = Release|Any CPU
		{89B948DE-F6C6-4867-AAB2-AE22601CF383}.Release|Any CPU.Build.0 = Release|Any CPU
		{1787D4ED-8FED-4E4B-8626-00FCB237B072}.Debug|Any CPU.ActiveCfg = Debug|Any CPU
		{1787D4ED-8FED-4E4B-8626-00FCB237B072}.Debug|Any CPU.Build.0 = Debug|Any CPU
		{1787D4ED-8FED-4E4B-8626-00FCB237B072}.Release|Any CPU.ActiveCfg = Release|Any CPU
		{1787D4ED-8FED-4E4B-8626-00FCB237B072}.Release|Any CPU.Build.0 = Release|Any CPU
		{04CE7592-5115-48E2-8DF7-B760036DF8AA}.Debug|Any CPU.ActiveCfg = Debug|Any CPU
		{04CE7592-5115-48E2-8DF7-B760036DF8AA}.Debug|Any CPU.Build.0 = Debug|Any CPU
		{04CE7592-5115-48E2-8DF7-B760036DF8AA}.Release|Any CPU.ActiveCfg = Release|Any CPU
		{04CE7592-5115-48E2-8DF7-B760036DF8AA}.Release|Any CPU.Build.0 = Release|Any CPU
		{D0C4415B-9DDD-44B5-A19E-B3814B532C5C}.Debug|Any CPU.ActiveCfg = Debug|Any CPU
		{D0C4415B-9DDD-44B5-A19E-B3814B532C5C}.Debug|Any CPU.Build.0 = Debug|Any CPU
		{D0C4415B-9DDD-44B5-A19E-B3814B532C5C}.Release|Any CPU.ActiveCfg = Release|Any CPU
		{D0C4415B-9DDD-44B5-A19E-B3814B532C5C}.Release|Any CPU.Build.0 = Release|Any CPU
		{7ECC5382-BFF7-41C8-8489-7B527E7E2C1C}.Debug|Any CPU.ActiveCfg = Debug|Any CPU
		{7ECC5382-BFF7-41C8-8489-7B527E7E2C1C}.Debug|Any CPU.Build.0 = Debug|Any CPU
		{7ECC5382-BFF7-41C8-8489-7B527E7E2C1C}.Release|Any CPU.ActiveCfg = Release|Any CPU
		{7ECC5382-BFF7-41C8-8489-7B527E7E2C1C}.Release|Any CPU.Build.0 = Release|Any CPU
		{F4DBA00A-E2E1-4886-8209-1760B1F62331}.Debug|Any CPU.ActiveCfg = Debug|Any CPU
		{F4DBA00A-E2E1-4886-8209-1760B1F62331}.Debug|Any CPU.Build.0 = Debug|Any CPU
		{F4DBA00A-E2E1-4886-8209-1760B1F62331}.Release|Any CPU.ActiveCfg = Release|Any CPU
		{F4DBA00A-E2E1-4886-8209-1760B1F62331}.Release|Any CPU.Build.0 = Release|Any CPU
		{10A763F9-E980-42B2-B5AC-7FF941B38DDF}.Debug|Any CPU.ActiveCfg = Debug|Any CPU
		{10A763F9-E980-42B2-B5AC-7FF941B38DDF}.Debug|Any CPU.Build.0 = Debug|Any CPU
		{10A763F9-E980-42B2-B5AC-7FF941B38DDF}.Release|Any CPU.ActiveCfg = Release|Any CPU
		{10A763F9-E980-42B2-B5AC-7FF941B38DDF}.Release|Any CPU.Build.0 = Release|Any CPU
	EndGlobalSection
	GlobalSection(SolutionProperties) = preSolution
		HideSolutionNode = FALSE
	EndGlobalSection
	GlobalSection(NestedProjects) = preSolution
		{495EB534-630D-4816-8782-505F23A04189} = {972233CE-61F9-45DA-8344-A8A10173317A}
		{E9E6A652-392A-4FC3-BE2B-04810E46514C} = {EBEAC8D2-BA86-4316-B6A3-1B219308C87D}
		{40E14737-163F-4055-883E-1A3F8FD543C5} = {EBEAC8D2-BA86-4316-B6A3-1B219308C87D}
		{E6DFD836-09AB-4422-B29E-C69E80CCFAD8} = {EBEAC8D2-BA86-4316-B6A3-1B219308C87D}
		{80BF44DB-0FFE-4802-AAB2-F864281C9B8B} = {495EB534-630D-4816-8782-505F23A04189}
		{EE62DE16-0877-45DE-BA39-3EEF7BEF8380} = {CCE4E443-5246-4BC0-858F-111952E503BC}
		{52AE700F-1662-4A2F-B8A2-26FCBB272F55} = {CCE4E443-5246-4BC0-858F-111952E503BC}
		{678301F3-E0A7-4C47-8093-DD45713A682C} = {6977C6C7-D1DA-4D94-8562-F79B32DD9D91}
		{89B948DE-F6C6-4867-AAB2-AE22601CF383} = {E9E6A652-392A-4FC3-BE2B-04810E46514C}
		{1787D4ED-8FED-4E4B-8626-00FCB237B072} = {40E14737-163F-4055-883E-1A3F8FD543C5}
		{04CE7592-5115-48E2-8DF7-B760036DF8AA} = {E6DFD836-09AB-4422-B29E-C69E80CCFAD8}
		{D0C4415B-9DDD-44B5-A19E-B3814B532C5C} = {6977C6C7-D1DA-4D94-8562-F79B32DD9D91}
		{7ECC5382-BFF7-41C8-8489-7B527E7E2C1C} = {6977C6C7-D1DA-4D94-8562-F79B32DD9D91}
		{F4DBA00A-E2E1-4886-8209-1760B1F62331} = {EBEAC8D2-BA86-4316-B6A3-1B219308C87D}
		{10A763F9-E980-42B2-B5AC-7FF941B38DDF} = {40E14737-163F-4055-883E-1A3F8FD543C5}
	EndGlobalSection
	GlobalSection(ExtensibilityGlobals) = postSolution
		SolutionGuid = {BD4F33D9-6F66-4086-BC54-80F0DDEFAD44}
	EndGlobalSection
EndGlobal
